
Microsoft Visual Studio Solution File, Format Version 12.00
# Visual Studio Version 16
VisualStudioVersion = 16.0.30717.126
MinimumVisualStudioVersion = 10.0.40219.1
Project("{FAE04EC0-301F-11D3-BF4B-00C04F79EFBC}") = "ListImplementation", "ListImplementation\ListImplementation.csproj", "{802CC090-3F76-424C-9A94-18FAD9957F14}"
EndProject
Global
	GlobalSection(SolutionConfigurationPlatforms) = preSolution
		Debug|Any CPU = Debug|Any CPU
		Release|Any CPU = Release|Any CPU
	EndGlobalSection
	GlobalSection(ProjectConfigurationPlatforms) = postSolution
		{802CC090-3F76-424C-9A94-18FAD9957F14}.Debug|Any CPU.ActiveCfg = Debug|Any CPU
		{802CC090-3F76-424C-9A94-18FAD9957F14}.Debug|Any CPU.Build.0 = Debug|Any CPU
		{802CC090-3F76-424C-9A94-18FAD9957F14}.Release|Any CPU.ActiveCfg = Release|Any CPU
		{802CC090-3F76-424C-9A94-18FAD9957F14}.Release|Any CPU.Build.0 = Release|Any CPU
	EndGlobalSection
	GlobalSection(SolutionProperties) = preSolution
		HideSolutionNode = FALSE
	EndGlobalSection
	GlobalSection(ExtensibilityGlobals) = postSolution
		SolutionGuid = {91432FDE-E86D-4E25-B439-2EA76804DA5C}
	EndGlobalSection
EndGlobal
